
Microsoft Visual Studio Solution File, Format Version 12.00
# Visual Studio Version 17
VisualStudioVersion = 17.9.34728.123
MinimumVisualStudioVersion = 10.0.40219.1
Project("{FAE04EC0-301F-11D3-BF4B-00C04F79EFBC}") = "A01_CalculoDoIMC", "A01_CalculoDoIMC\A01_CalculoDoIMC.csproj", "{6B25FACB-633A-4C7D-BCC4-48B431B83A81}"
EndProject
Project("{FAE04EC0-301F-11D3-BF4B-00C04F79EFBC}") = "A00_Utility", "A00_Utility\A00_Utility.csproj", "{FECABE60-45FD-4E86-A717-C76DF0DD6D54}"
EndProject
Global
	GlobalSection(SolutionConfigurationPlatforms) = preSolution
		Debug|Any CPU = Debug|Any CPU
		Release|Any CPU = Release|Any CPU
	EndGlobalSection
	GlobalSection(ProjectConfigurationPlatforms) = postSolution
		{6B25FACB-633A-4C7D-BCC4-48B431B83A81}.Debug|Any CPU.ActiveCfg = Debug|Any CPU
		{6B25FACB-633A-4C7D-BCC4-48B431B83A81}.Debug|Any CPU.Build.0 = Debug|Any CPU
		{6B25FACB-633A-4C7D-BCC4-48B431B83A81}.Release|Any CPU.ActiveCfg = Release|Any CPU
		{6B25FACB-633A-4C7D-BCC4-48B431B83A81}.Release|Any CPU.Build.0 = Release|Any CPU
		{FECABE60-45FD-4E86-A717-C76DF0DD6D54}.Debug|Any CPU.ActiveCfg = Debug|Any CPU
		{FECABE60-45FD-4E86-A717-C76DF0DD6D54}.Debug|Any CPU.Build.0 = Debug|Any CPU
		{FECABE60-45FD-4E86-A717-C76DF0DD6D54}.Release|Any CPU.ActiveCfg = Release|Any CPU
		{FECABE60-45FD-4E86-A717-C76DF0DD6D54}.Release|Any CPU.Build.0 = Release|Any CPU
	EndGlobalSection
	GlobalSection(SolutionProperties) = preSolution
		HideSolutionNode = FALSE
	EndGlobalSection
	GlobalSection(ExtensibilityGlobals) = postSolution
		SolutionGuid = {806E4E84-85CB-46C2-A652-5B7940BDEFE8}
	EndGlobalSection
EndGlobal
